{
  "requires": true,
  "lockfileVersion": 1,
  "dependencies": {
    "lightgallery": {
      "version": "2.2.1",
      "resolved": "https://registry.npmjs.org/lightgallery/-/lightgallery-2.2.1.tgz",
      "integrity": "sha512-6eDdqyQsQhxHYccMxWRNsHGkY1tITFHheR89ivlyQsDPYVt2yH/fIoJpipT1pMc8bCti/Pv7X0vU0QLMdnHehg=="
    }
  }
}
